
Microsoft Visual Studio Solution File, Format Version 12.00
# Visual Studio Version 17
VisualStudioVersion = 17.5.002.0
MinimumVisualStudioVersion = 10.0.40219.1
Project("{9A19103F-16F7-4668-BE54-9A1E7A4F7556}") = "SEMANA2", "SEMANA2.csproj", "{E17FA76D-850C-4353-8810-66E7CE44E3DC}"
EndProject
Global
	GlobalSection(SolutionConfigurationPlatforms) = preSolution
		Debug|Any CPU = Debug|Any CPU
		Release|Any CPU = Release|Any CPU
	EndGlobalSection
	GlobalSection(ProjectConfigurationPlatforms) = postSolution
		{E17FA76D-850C-4353-8810-66E7CE44E3DC}.Debug|Any CPU.ActiveCfg = Debug|Any CPU
		{E17FA76D-850C-4353-8810-66E7CE44E3DC}.Debug|Any CPU.Build.0 = Debug|Any CPU
		{E17FA76D-850C-4353-8810-66E7CE44E3DC}.Release|Any CPU.ActiveCfg = Release|Any CPU
		{E17FA76D-850C-4353-8810-66E7CE44E3DC}.Release|Any CPU.Build.0 = Release|Any CPU
	EndGlobalSection
	GlobalSection(SolutionProperties) = preSolution
		HideSolutionNode = FALSE
	EndGlobalSection
	GlobalSection(ExtensibilityGlobals) = postSolution
		SolutionGuid = {C9BB7537-F875-4C24-A442-7EB0BB5070DF}
	EndGlobalSection
EndGlobal
